
Microsoft Visual Studio Solution File, Format Version 12.00
# Visual Studio Version 17
VisualStudioVersion = 17.9.34728.123
MinimumVisualStudioVersion = 10.0.40219.1
Project("{FAE04EC0-301F-11D3-BF4B-00C04F79EFBC}") = "DotskinApp", "DotskinApp\DotskinApp.csproj", "{9C204D48-8D61-452B-897F-E88A714D41A4}"
EndProject
Global
	GlobalSection(SolutionConfigurationPlatforms) = preSolution
		Debug|Any CPU = Debug|Any CPU
		Release|Any CPU = Release|Any CPU
	EndGlobalSection
	GlobalSection(ProjectConfigurationPlatforms) = postSolution
		{9C204D48-8D61-452B-897F-E88A714D41A4}.Debug|Any CPU.ActiveCfg = Debug|Any CPU
		{9C204D48-8D61-452B-897F-E88A714D41A4}.Debug|Any CPU.Build.0 = Debug|Any CPU
		{9C204D48-8D61-452B-897F-E88A714D41A4}.Release|Any CPU.ActiveCfg = Release|Any CPU
		{9C204D48-8D61-452B-897F-E88A714D41A4}.Release|Any CPU.Build.0 = Release|Any CPU
	EndGlobalSection
	GlobalSection(SolutionProperties) = preSolution
		HideSolutionNode = FALSE
	EndGlobalSection
	GlobalSection(ExtensibilityGlobals) = postSolution
		SolutionGuid = {B0E84A48-2C27-45F0-9B08-599E55FA4388}
	EndGlobalSection
EndGlobal
